version = 1
revision = 1
requires-python = "==3.11.*"
resolution-markers = [
    "sys_platform == 'darwin'",
    "platform_machine == 'aarch64' and sys_platform == 'linux'",
    "(platform_machine != 'aarch64' and sys_platform == 'linux') or (sys_platform != 'darwin' and sys_platform != 'linux')",
]

[[package]]
name = "altgraph"
version = "0.17.4"
source = { registry = "https://pypi.netflix.net/simple" }
sdist = { url = "https://pypi.netflix.net/packages/3634045007/altgraph-0.17.4.tar.gz", hash = "sha256:1b5afbb98f6c4dcadb2e2ae6ab9fa994bbb8c1d75f4fa96d340f9437ae454406", size = 48418 }
wheels = [
    { url = "https://pypi.netflix.net/packages/3634045006/altgraph-0.17.4-py2.py3-none-any.whl", hash = "sha256:642743b4750de17e655e6711601b077bc6598dbfa3ba5fa2b2a35ce12b508dff", size = 21212 },
]

[[package]]
name = "colorama"
version = "0.4.6"
source = { registry = "https://pypi.netflix.net/simple" }
sdist = { url = "https://pypi.netflix.net/packages/988988/colorama-0.4.6.tar.gz", hash = "sha256:08695f5cb7ed6e0531a20572697297273c47b8cae5a63ffc6d6ed5c201be6e44", size = 27697 }
wheels = [
    { url = "https://pypi.netflix.net/packages/988987/colorama-0.4.6-py2.py3-none-any.whl", hash = "sha256:4f1d9991f5acc0ca119f9d443620b77f9d6b33703e51011c16baf57afb285fc6", size = 25335 },
]

[[package]]
name = "colour-checker-detection"
version = "0.2.1"
source = { registry = "https://pypi.netflix.net/simple" }
dependencies = [
    { name = "colour-science" },
    { name = "imageio" },
    { name = "numpy" },
    { name = "opencv-python" },
    { name = "scipy" },
    { name = "typing-extensions" },
]
sdist = { url = "https://pypi.netflix.net/packages/16981944738/colour_checker_detection-0.2.1.tar.gz", hash = "sha256:68dd0d48aa0f4355ecd0640eee52d3b53c90b24a7d966f422f5513de1bc39e83", size = 40392753 }
wheels = [
    { url = "https://pypi.netflix.net/packages/16981944737/colour_checker_detection-0.2.1-py3-none-any.whl", hash = "sha256:bc1b5397de6d683337c2cbe5677bed99f24f29093cc9cfbb699a51f01cb86ab7", size = 32455939 },
]

[[package]]
name = "colour-science"
version = "0.4.6"
source = { registry = "https://pypi.netflix.net/simple" }
dependencies = [
    { name = "imageio" },
    { name = "numpy" },
    { name = "scipy" },
    { name = "typing-extensions" },
]
sdist = { url = "https://pypi.netflix.net/packages/16961633873/colour_science-0.4.6.tar.gz", hash = "sha256:be98c2c9b2a5caf0c443431f402599ca9e1cc7d944bb804156803bcc97af4cf0", size = 2228183 }
wheels = [
    { url = "https://pypi.netflix.net/packages/16961633872/colour_science-0.4.6-py3-none-any.whl", hash = "sha256:4cd90e6d500c16f3c24225da57031e1944de52fec6b484f5bb3d4ea7d0cfee08", size = 2480689 },
]

[[package]]
name = "contourpy"
version = "1.3.1"
source = { registry = "https://pypi.netflix.net/simple" }
dependencies = [
    { name = "numpy" },
]
sdist = { url = "https://pypi.netflix.net/packages/17388293394/contourpy-1.3.1.tar.gz", hash = "sha256:dfd97abd83335045a913e3bcc4a09c0ceadbe66580cf573fe961f4a825efa699", size = 13465753 }
wheels = [
    { url = "https://pypi.netflix.net/packages/17388193878/contourpy-1.3.1-cp311-cp311-macosx_10_9_x86_64.whl", hash = "sha256:3e8b974d8db2c5610fb4e76307e265de0edb655ae8169e8b21f41807ccbeec4b", size = 269555 },
    { url = "https://pypi.netflix.net/packages/17388194832/contourpy-1.3.1-cp311-cp311-macosx_11_0_arm64.whl", hash = "sha256:20914c8c973f41456337652a6eeca26d2148aa96dd7ac323b74516988bea89fc", size = 254549 },
    { url = "https://pypi.netflix.net/packages/17388194833/contourpy-1.3.1-cp311-cp311-manylinux_2_17_aarch64.manylinux2014_aarch64.whl", hash = "sha256:19d40d37c1c3a4961b4619dd9d77b12124a453cc3d02bb31a07d58ef684d3d86", size = 313000 },
    { url = "https://pypi.netflix.net/packages/17388195789/contourpy-1.3.1-cp311-cp311-manylinux_2_17_ppc64le.manylinux2014_ppc64le.whl", hash = "sha256:113231fe3825ebf6f15eaa8bc1f5b0ddc19d42b733345eae0934cb291beb88b6", size = 352925 },
    { url = "https://pypi.netflix.net/packages/17388195790/contourpy-1.3.1-cp311-cp311-manylinux_2_17_s390x.manylinux2014_s390x.whl", hash = "sha256:4dbbc03a40f916a8420e420d63e96a1258d3d1b58cbdfd8d1f07b49fcbd38e85", size = 323693 },
    { url = "https://pypi.netflix.net/packages/17388195791/contourpy-1.3.1-cp311-cp311-manylinux_2_17_x86_64.manylinux2014_x86_64.whl", hash = "sha256:3a04ecd68acbd77fa2d39723ceca4c3197cb2969633836ced1bea14e219d077c", size = 326184 },
    { url = "https://pypi.netflix.net/packages/17388196750/contourpy-1.3.1-cp311-cp311-musllinux_1_2_aarch64.whl", hash = "sha256:c414fc1ed8ee1dbd5da626cf3710c6013d3d27456651d156711fa24f24bd1291", size = 1268031 },
    { url = "https://pypi.netflix.net/packages/17388214716/contourpy-1.3.1-cp311-cp311-musllinux_1_2_x86_64.whl", hash = "sha256:31c1b55c1f34f80557d3830d3dd93ba722ce7e33a0b472cba0ec3b6535684d8f", size = 1325995 },
    { url = "https://pypi.netflix.net/packages/17388214717/contourpy-1.3.1-cp311-cp311-win32.whl", hash = "sha256:f611e628ef06670df83fce17805c344710ca5cde01edfdc72751311da8585375", size = 174396 },
    { url = "https://pypi.netflix.net/packages/17388214718/contourpy-1.3.1-cp311-cp311-win_amd64.whl", hash = "sha256:b2bdca22a27e35f16794cf585832e542123296b4687f9fd96822db6bae17bfc9", size = 219787 },
]

[[package]]
name = "cycler"
version = "0.12.1"
source = { registry = "https://pypi.netflix.net/simple" }
sdist = { url = "https://pypi.netflix.net/packages/69001134/cycler-0.12.1.tar.gz", hash = "sha256:88bb128f02ba341da8ef447245a9e138fae777f6a23943da4540077d3601eb1c", size = 7615 }
wheels = [
    { url = "https://pypi.netflix.net/packages/69001133/cycler-0.12.1-py3-none-any.whl", hash = "sha256:85cef7cff222d8644161529808465972e51340599459b8ac3ccbac5a854e0d30", size = 8321 },
]

[[package]]
name = "fonttools"
version = "4.56.0"
source = { registry = "https://pypi.netflix.net/simple" }
sdist = { url = "https://pypi.netflix.net/packages/18447993444/fonttools-4.56.0.tar.gz", hash = "sha256:a114d1567e1a1586b7e9e7fc2ff686ca542a82769a296cef131e4c4af51e58f4", size = 3462892 }
wheels = [
    { url = "https://pypi.netflix.net/packages/18447960607/fonttools-4.56.0-cp311-cp311-macosx_10_9_universal2.whl", hash = "sha256:7ef04bc7827adb7532be3d14462390dd71287644516af3f1e67f1e6ff9c6d6df", size = 2753325 },
    { url = "https://pypi.netflix.net/packages/18447960608/fonttools-4.56.0-cp311-cp311-macosx_10_9_x86_64.whl", hash = "sha256:ffda9b8cd9cb8b301cae2602ec62375b59e2e2108a117746f12215145e3f786c", size = 2281554 },
    { url = "https://pypi.netflix.net/packages/18447962490/fonttools-4.56.0-cp311-cp311-manylinux_2_17_aarch64.manylinux2014_aarch64.whl", hash = "sha256:e2e993e8db36306cc3f1734edc8ea67906c55f98683d6fd34c3fc5593fdbba4c", size = 4869260 },
    { url = "https://pypi.netflix.net/packages/18447962491/fonttools-4.56.0-cp311-cp311-manylinux_2_17_x86_64.manylinux2014_x86_64.whl", hash = "sha256:003548eadd674175510773f73fb2060bb46adb77c94854af3e0cc5bc70260049", size = 4898508 },
    { url = "https://pypi.netflix.net/packages/18447962492/fonttools-4.56.0-cp311-cp311-musllinux_1_2_aarch64.whl", hash = "sha256:bd9825822e7bb243f285013e653f6741954d8147427aaa0324a862cdbf4cbf62", size = 4877700 },
    { url = "https://pypi.netflix.net/packages/18447964386/fonttools-4.56.0-cp311-cp311-musllinux_1_2_x86_64.whl", hash = "sha256:b23d30a2c0b992fb1c4f8ac9bfde44b5586d23457759b6cf9a787f1a35179ee0", size = 5045817 },
    { url = "https://pypi.netflix.net/packages/18447964387/fonttools-4.56.0-cp311-cp311-win32.whl", hash = "sha256:47b5e4680002ae1756d3ae3b6114e20aaee6cc5c69d1e5911f5ffffd3ee46c6b", size = 2154426 },
    { url = "https://pypi.netflix.net/packages/18447967896/fonttools-4.56.0-cp311-cp311-win_amd64.whl", hash = "sha256:14a3e3e6b211660db54ca1ef7006401e4a694e53ffd4553ab9bc87ead01d0f05", size = 2200937 },
    { url = "https://pypi.netflix.net/packages/18447991528/fonttools-4.56.0-py3-none-any.whl", hash = "sha256:1088182f68c303b50ca4dc0c82d42083d176cba37af1937e1a976a31149d4d14", size = 1089800 },
]

[[package]]
name = "imageio"
version = "2.37.0"
source = { registry = "https://pypi.netflix.net/simple" }
dependencies = [
    { name = "numpy" },
    { name = "pillow" },
]
sdist = { url = "https://pypi.netflix.net/packages/18406452314/imageio-2.37.0.tar.gz", hash = "sha256:71b57b3669666272c818497aebba2b4c5f20d5b37c81720e5e1a56d59c492996", size = 389963 }
wheels = [
    { url = "https://pypi.netflix.net/packages/18406452313/imageio-2.37.0-py3-none-any.whl", hash = "sha256:11efa15b87bc7871b61590326b2d635439acc321cf7f8ce996f812543ce10eed", size = 315796 },
]

[[package]]
name = "iniconfig"
version = "2.0.0"
source = { registry = "https://pypi.netflix.net/simple" }
sdist = { url = "https://pypi.netflix.net/packages/1000463/iniconfig-2.0.0.tar.gz", hash = "sha256:2d91e135bf72d31a410b17c16da610a82cb55f6b0477d1a902134b24a455b8b3", size = 4646 }
wheels = [
    { url = "https://pypi.netflix.net/packages/1000462/iniconfig-2.0.0-py3-none-any.whl", hash = "sha256:b6a85871a79d2e3b22d2d1b94ac2824226a63c6b741c88f7ae975f18b6778374", size = 5892 },
]

[[package]]
name = "kiwisolver"
version = "1.4.8"
source = { registry = "https://pypi.netflix.net/simple" }
sdist = { url = "https://pypi.netflix.net/packages/18022783839/kiwisolver-1.4.8.tar.gz", hash = "sha256:23d5f023bdc8c7e54eb65f03ca5d5bb25b601eac4d7f1a042888a1f45237987e", size = 97538 }
wheels = [
    { url = "https://pypi.netflix.net/packages/18022777450/kiwisolver-1.4.8-cp311-cp311-macosx_10_9_universal2.whl", hash = "sha256:a4d3601908c560bdf880f07d94f31d734afd1bb71e96585cace0e38ef44c6d84", size = 124635 },
    { url = "https://pypi.netflix.net/packages/18022777451/kiwisolver-1.4.8-cp311-cp311-macosx_10_9_x86_64.whl", hash = "sha256:856b269c4d28a5c0d5e6c1955ec36ebfd1651ac00e1ce0afa3e28da95293b561", size = 66717 },
    { url = "https://pypi.netflix.net/packages/18022777452/kiwisolver-1.4.8-cp311-cp311-macosx_11_0_arm64.whl", hash = "sha256:c2b9a96e0f326205af81a15718a9073328df1173a2619a68553decb7097fd5d7", size = 65413 },
    { url = "https://pypi.netflix.net/packages/18022777453/kiwisolver-1.4.8-cp311-cp311-manylinux_2_12_i686.manylinux2010_i686.manylinux_2_17_i686.manylinux2014_i686.whl", hash = "sha256:c5020c83e8553f770cb3b5fc13faac40f17e0b205bd237aebd21d53d733adb03", size = 1343994 },
    { url = "https://pypi.netflix.net/packages/18022777454/kiwisolver-1.4.8-cp311-cp311-manylinux_2_17_aarch64.manylinux2014_aarch64.whl", hash = "sha256:dace81d28c787956bfbfbbfd72fdcef014f37d9b48830829e488fdb32b49d954", size = 1434804 },
    { url = "https://pypi.netflix.net/packages/18022777455/kiwisolver-1.4.8-cp311-cp311-manylinux_2_17_ppc64le.manylinux2014_ppc64le.whl", hash = "sha256:11e1022b524bd48ae56c9b4f9296bce77e15a2e42a502cceba602f804b32bb79", size = 1450690 },
    { url = "https://pypi.netflix.net/packages/18022777456/kiwisolver-1.4.8-cp311-cp311-manylinux_2_17_s390x.manylinux2014_s390x.whl", hash = "sha256:3b9b4d2892fefc886f30301cdd80debd8bb01ecdf165a449eb6e78f79f0fabd6", size = 1376839 },
    { url = "https://pypi.netflix.net/packages/18022777457/kiwisolver-1.4.8-cp311-cp311-manylinux_2_17_x86_64.manylinux2014_x86_64.whl", hash = "sha256:3a96c0e790ee875d65e340ab383700e2b4891677b7fcd30a699146f9384a2bb0", size = 1435109 },
    { url = "https://pypi.netflix.net/packages/18022777458/kiwisolver-1.4.8-cp311-cp311-musllinux_1_2_aarch64.whl", hash = "sha256:23454ff084b07ac54ca8be535f4174170c1094a4cff78fbae4f73a4bcc0d4dab", size = 2245269 },
    { url = "https://pypi.netflix.net/packages/18022778223/kiwisolver-1.4.8-cp311-cp311-musllinux_1_2_i686.whl", hash = "sha256:87b287251ad6488e95b4f0b4a79a6d04d3ea35fde6340eb38fbd1ca9cd35bbbc", size = 2393468 },
    { url = "https://pypi.netflix.net/packages/18022778224/kiwisolver-1.4.8-cp311-cp311-musllinux_1_2_ppc64le.whl", hash = "sha256:b21dbe165081142b1232a240fc6383fd32cdd877ca6cc89eab93e5f5883e1c25", size = 2355394 },
    { url = "https://pypi.netflix.net/packages/18022778225/kiwisolver-1.4.8-cp311-cp311-musllinux_1_2_s390x.whl", hash = "sha256:768cade2c2df13db52475bd28d3a3fac8c9eff04b0e9e2fda0f3760f20b3f7fc", size = 2490901 },
    { url = "https://pypi.netflix.net/packages/18022778226/kiwisolver-1.4.8-cp311-cp311-musllinux_1_2_x86_64.whl", hash = "sha256:d47cfb2650f0e103d4bf68b0b5804c68da97272c84bb12850d877a95c056bd67", size = 2312306 },
    { url = "https://pypi.netflix.net/packages/18022778227/kiwisolver-1.4.8-cp311-cp311-win_amd64.whl", hash = "sha256:ed33ca2002a779a2e20eeb06aea7721b6e47f2d4b8a8ece979d8ba9e2a167e34", size = 71966 },
    { url = "https://pypi.netflix.net/packages/18022778228/kiwisolver-1.4.8-cp311-cp311-win_arm64.whl", hash = "sha256:16523b40aab60426ffdebe33ac374457cf62863e330a90a0383639ce14bf44b2", size = 65311 },
]

[[package]]
name = "macholib"
version = "1.16.3"
source = { registry = "https://pypi.netflix.net/simple" }
dependencies = [
    { name = "altgraph", marker = "sys_platform == 'darwin'" },
]
sdist = { url = "https://pypi.netflix.net/packages/3634045383/macholib-1.16.3.tar.gz", hash = "sha256:07ae9e15e8e4cd9a788013d81f5908b3609aa76f9b1421bae9c4d7606ec86a30", size = 59309 }
wheels = [
    { url = "https://pypi.netflix.net/packages/3634045382/macholib-1.16.3-py2.py3-none-any.whl", hash = "sha256:0e315d7583d38b8c77e815b1ecbdbf504a8258d8b3e17b61165c6feb60d18f2c", size = 38094 },
]

[[package]]
name = "matplotlib"
version = "3.10.1"
source = { registry = "https://pypi.netflix.net/simple" }
dependencies = [
    { name = "contourpy" },
    { name = "cycler" },
    { name = "fonttools" },
    { name = "kiwisolver" },
    { name = "numpy" },
    { name = "packaging" },
    { name = "pillow" },
    { name = "pyparsing" },
    { name = "python-dateutil" },
]
sdist = { url = "https://pypi.netflix.net/packages/18494865636/matplotlib-3.10.1.tar.gz", hash = "sha256:e8d2d0e3881b129268585bf4765ad3ee73a4591d77b9a18c214ac7e3a79fb2ba", size = 36743335 }
wheels = [
    { url = "https://pypi.netflix.net/packages/18494852563/matplotlib-3.10.1-cp311-cp311-macosx_10_12_x86_64.whl", hash = "sha256:057206ff2d6ab82ff3e94ebd94463d084760ca682ed5f150817b859372ec4401", size = 8174669 },
    { url = "https://pypi.netflix.net/packages/18494852564/matplotlib-3.10.1-cp311-cp311-macosx_11_0_arm64.whl", hash = "sha256:a144867dd6bf8ba8cb5fc81a158b645037e11b3e5cf8a50bd5f9917cb863adfe", size = 8047996 },
    { url = "https://pypi.netflix.net/packages/18494852565/matplotlib-3.10.1-cp311-cp311-manylinux_2_17_aarch64.manylinux2014_aarch64.whl", hash = "sha256:56c5d9fcd9879aa8040f196a235e2dcbdf7dd03ab5b07c0696f80bc6cf04bedd", size = 8461612 },
    { url = "https://pypi.netflix.net/packages/18494854728/matplotlib-3.10.1-cp311-cp311-manylinux_2_17_x86_64.manylinux2014_x86_64.whl", hash = "sha256:0f69dc9713e4ad2fb21a1c30e37bd445d496524257dfda40ff4a8efb3604ab5c", size = 8602258 },
    { url = "https://pypi.netflix.net/packages/18494854729/matplotlib-3.10.1-cp311-cp311-musllinux_1_2_x86_64.whl", hash = "sha256:4c59af3e8aca75d7744b68e8e78a669e91ccbcf1ac35d0102a7b1b46883f1dd7", size = 9408896 },
    { url = "https://pypi.netflix.net/packages/18494854730/matplotlib-3.10.1-cp311-cp311-win_amd64.whl", hash = "sha256:11b65088c6f3dae784bc72e8d039a2580186285f87448babb9ddb2ad0082993a", size = 8061281 },
]

[[package]]
name = "numpy"
version = "2.2.3"
source = { registry = "https://pypi.netflix.net/simple" }
sdist = { url = "https://pypi.netflix.net/packages/18461704499/numpy-2.2.3.tar.gz", hash = "sha256:dbdc15f0c81611925f382dfa97b3bd0bc2c1ce19d4fe50482cb0ddc12ba30020", size = 20262700 }
wheels = [
    { url = "https://pypi.netflix.net/packages/18461566316/numpy-2.2.3-cp311-cp311-macosx_10_9_x86_64.whl", hash = "sha256:16372619ee728ed67a2a606a614f56d3eabc5b86f8b615c79d01957062826ca8", size = 21237256 },
    { url = "https://pypi.netflix.net/packages/18461569272/numpy-2.2.3-cp311-cp311-macosx_11_0_arm64.whl", hash = "sha256:5521a06a3148686d9269c53b09f7d399a5725c47bbb5b35747e1cb76326b714b", size = 14408049 },
    { url = "https://pypi.netflix.net/packages/18461569273/numpy-2.2.3-cp311-cp311-macosx_14_0_arm64.whl", hash = "sha256:7c8dde0ca2f77828815fd1aedfdf52e59071a5bae30dac3b4da2a335c672149a", size = 5408655 },
    { url = "https://pypi.netflix.net/packages/18461572168/numpy-2.2.3-cp311-cp311-macosx_14_0_x86_64.whl", hash = "sha256:77974aba6c1bc26e3c205c2214f0d5b4305bdc719268b93e768ddb17e3fdd636", size = 6949996 },
    { url = "https://pypi.netflix.net/packages/18461575064/numpy-2.2.3-cp311-cp311-manylinux_2_17_aarch64.manylinux2014_aarch64.whl", hash = "sha256:d42f9c36d06440e34226e8bd65ff065ca0963aeecada587b937011efa02cdc9d", size = 14355789 },
    { url = "https://pypi.netflix.net/packages/18461577961/numpy-2.2.3-cp311-cp311-manylinux_2_17_x86_64.manylinux2014_x86_64.whl", hash = "sha256:f2712c5179f40af9ddc8f6727f2bd910ea0eb50206daea75f58ddd9fa3f715bb", size = 16411356 },
    { url = "https://pypi.netflix.net/packages/18461580859/numpy-2.2.3-cp311-cp311-musllinux_1_2_aarch64.whl", hash = "sha256:c8b0451d2ec95010d1db8ca733afc41f659f425b7f608af569711097fd6014e2", size = 15576770 },
    { url = "https://pypi.netflix.net/packages/18461583758/numpy-2.2.3-cp311-cp311-musllinux_1_2_x86_64.whl", hash = "sha256:d9b4a8148c57ecac25a16b0e11798cbe88edf5237b0df99973687dd866f05e1b", size = 18200483 },
    { url = "https://pypi.netflix.net/packages/18461583759/numpy-2.2.3-cp311-cp311-win32.whl", hash = "sha256:1f45315b2dc58d8a3e7754fe4e38b6fce132dab284a92851e41b2b344f6441c5", size = 6588415 },
    { url = "https://pypi.netflix.net/packages/18461586660/numpy-2.2.3-cp311-cp311-win_amd64.whl", hash = "sha256:9f48ba6f6c13e5e49f3d3efb1b51c8193215c42ac82610a04624906a9270be6f", size = 12929604 },
]

[[package]]
name = "open-vp-cal"
version = "1.3.0"
source = { directory = "packages/open_vp_cal" }
dependencies = [
    { name = "colour-checker-detection" },
    { name = "colour-science" },
    { name = "matplotlib" },
    { name = "opencolorio" },
    { name = "openimageio" },
    { name = "packaging" },
    { name = "pyqtgraph" },
    { name = "pyside6" },
]

[package.metadata]
requires-dist = [
    { name = "colour-checker-detection", specifier = ">=0.2.1" },
    { name = "colour-science", specifier = ">=0.4.6" },
    { name = "matplotlib", specifier = ">=3.10.1" },
    { name = "opencolorio", specifier = ">=2.4.1" },
    { name = "openimageio", specifier = "==3.0.4.0" },
    { name = "packaging", specifier = ">=24.2" },
    { name = "pyqtgraph", specifier = ">=0.13.7" },
    { name = "pyside6", specifier = ">=6.8.2.1" },
    { name = "pytest", marker = "extra == 'dev'" },
    { name = "ruff", marker = "extra == 'dev'" },
]
provides-extras = ["dev"]

[[package]]
name = "open-vp-cal-spg"
version = "1.3.0"
source = { directory = "packages/spg" }
dependencies = [
    { name = "opencolorio" },
    { name = "openimageio" },
    { name = "packaging" },
]

[package.metadata]
requires-dist = [
    { name = "opencolorio", specifier = ">=2.4.1" },
    { name = "openimageio", specifier = "==3.0.4.0" },
    { name = "packaging", specifier = ">=24.2" },
    { name = "pytest", marker = "extra == 'dev'" },
    { name = "ruff", marker = "extra == 'dev'" },
]
provides-extras = ["dev"]

[[package]]
name = "open-vp-cal-spg-icvfxpatterns"
version = "1.3.0"
source = { directory = "packages/spg_icvfxpatterns" }
dependencies = [
    { name = "opencolorio" },
    { name = "openimageio" },
    { name = "packaging" },
]

[package.metadata]
requires-dist = [
    { name = "opencolorio", specifier = ">=2.4.1" },
    { name = "openimageio", specifier = "==3.0.4.0" },
    { name = "packaging", specifier = ">=24.2" },
    { name = "pytest", marker = "extra == 'dev'" },
    { name = "ruff", marker = "extra == 'dev'" },
]
provides-extras = ["dev"]

[[package]]
name = "open-vp-cal-stageassets"
version = "1.3.0"
source = { directory = "packages/stageassets" }
dependencies = [
    { name = "opencolorio" },
    { name = "openimageio" },
    { name = "packaging" },
]

[package.metadata]
requires-dist = [
    { name = "opencolorio", specifier = ">=2.4.1" },
    { name = "openimageio", specifier = "==3.0.4.0" },
    { name = "packaging", specifier = ">=24.2" },
    { name = "pytest", marker = "extra == 'dev'" },
    { name = "ruff", marker = "extra == 'dev'" },
]
provides-extras = ["dev"]

[[package]]
name = "opencolorio"
version = "2.4.1"
source = { registry = "https://pypi.netflix.net/simple" }
sdist = { url = "https://pypi.netflix.net/packages/17807087180/opencolorio-2.4.1.tar.gz", hash = "sha256:a723906e6cfb3c3413061e5536351578e868d65ee258501698d77ab7eb75f57b", size = 11156742 }
wheels = [
    { url = "https://pypi.netflix.net/packages/17807085571/opencolorio-2.4.1-cp311-cp311-macosx_10_13_x86_64.whl", hash = "sha256:b5ca7fbd632a4d9f0139b2a41cd0d925b801822199eb80a813c49d4c3aa7a643", size = 6224178 },
    { url = "https://pypi.netflix.net/packages/17807085572/opencolorio-2.4.1-cp311-cp311-macosx_11_0_arm64.whl", hash = "sha256:f665652ce1eb4db7251dcc26a43a8e9f13afb7f5df785b9ad801132e06245a3f", size = 5739809 },
    { url = "https://pypi.netflix.net/packages/17807085573/opencolorio-2.4.1-cp311-cp311-manylinux_2_17_aarch64.manylinux2014_aarch64.whl", hash = "sha256:852b7d2e02e826d839339a8043b7ef6cca2db2aed2c3f3057a1f572d4b701cf7", size = 5748598 },
    { url = "https://pypi.netflix.net/packages/17807085574/opencolorio-2.4.1-cp311-cp311-manylinux_2_17_x86_64.manylinux2014_x86_64.whl", hash = "sha256:817a01ba96e3240e8ef412598001cd6e3ed8188bfd68b3108e7a78d64ce3607d", size = 6163540 },
    { url = "https://pypi.netflix.net/packages/17807085575/opencolorio-2.4.1-cp311-cp311-manylinux_2_27_x86_64.manylinux_2_28_x86_64.whl", hash = "sha256:f62765fe37e9d772108a01e95a29392540bc5dc9b98511a65bae4aacb13fcbd8", size = 6063878 },
    { url = "https://pypi.netflix.net/packages/17807085576/opencolorio-2.4.1-cp311-cp311-win_amd64.whl", hash = "sha256:8bc4cd00bdd452ff6bc1bd05718ba634ebed8e63e9dbf76dba27f415a6c716df", size = 3877365 },
]

[[package]]
name = "opencv-python"
version = "4.11.0.86"
source = { registry = "https://pypi.netflix.net/simple" }
dependencies = [
    { name = "numpy" },
]
sdist = { url = "https://pypi.netflix.net/packages/18398311379/opencv-python-4.11.0.86.tar.gz", hash = "sha256:03d60ccae62304860d232272e4a4fda93c39d595780cb40b161b310244b736a4", size = 95171956 }
wheels = [
    { url = "https://pypi.netflix.net/packages/18398311380/opencv_python-4.11.0.86-cp37-abi3-macosx_13_0_arm64.whl", hash = "sha256:432f67c223f1dc2824f5e73cdfcd9db0efc8710647d4e813012195dc9122a52a", size = 37326322 },
    { url = "https://pypi.netflix.net/packages/18398330870/opencv_python-4.11.0.86-cp37-abi3-macosx_13_0_x86_64.whl", hash = "sha256:9d05ef13d23fe97f575153558653e2d6e87103995d54e6a35db3f282fe1f9c66", size = 56723197 },
    { url = "https://pypi.netflix.net/packages/18398304824/opencv_python-4.11.0.86-cp37-abi3-manylinux_2_17_aarch64.manylinux2014_aarch64.whl", hash = "sha256:1b92ae2c8852208817e6776ba1ea0d6b1e0a1b5431e971a2a0ddd2a8cc398202", size = 42230439 },
    { url = "https://pypi.netflix.net/packages/18398307079/opencv_python-4.11.0.86-cp37-abi3-manylinux_2_17_x86_64.manylinux2014_x86_64.whl", hash = "sha256:6b02611523803495003bd87362db3e1d2a0454a6a63025dc6658a9830570aa0d", size = 62986597 },
    { url = "https://pypi.netflix.net/packages/18398307080/opencv_python-4.11.0.86-cp37-abi3-win32.whl", hash = "sha256:810549cb2a4aedaa84ad9a1c92fbfdfc14090e2749cedf2c1589ad8359aa169b", size = 29384337 },
    { url = "https://pypi.netflix.net/packages/18398310226/opencv_python-4.11.0.86-cp37-abi3-win_amd64.whl", hash = "sha256:085ad9b77c18853ea66283e98affefe2de8cc4c1f43eda4c100cf9b2721142ec", size = 39488044 },
]

[[package]]
name = "openimageio"
version = "3.0.4.0"
source = { registry = "https://pypi.netflix.net/simple" }
sdist = { url = "https://pypi.netflix.net/packages/18501341066/openimageio-3.0.4.0.tar.gz", hash = "sha256:659b9750aca1f9787a0f0e3e1b43098d57b17be5040213159cdd5e07e10c05d4", size = 6035937 }
wheels = [
    { url = "https://pypi.netflix.net/packages/18501340745/openimageio-3.0.4.0-cp311-cp311-macosx_11_0_arm64.whl", hash = "sha256:8807ee84f9adc71204772d8d17775fa9cc2679cdf3346f7d88b7b01076e74b57", size = 6948276 },
    { url = "https://pypi.netflix.net/packages/18501340746/openimageio-3.0.4.0-cp311-cp311-macosx_11_0_x86_64.whl", hash = "sha256:a30f4fec2b54532150ae6c0b0be4b7c7cba1cae01b6a673172950cacba193826", size = 7377780 },
    { url = "https://pypi.netflix.net/packages/18501340792/openimageio-3.0.4.0-cp311-cp311-manylinux_2_17_aarch64.manylinux2014_aarch64.whl", hash = "sha256:626fafddb06d05396af7862c8074916d8889dde11816e288c73778076e8a5c18", size = 7172246 },
    { url = "https://pypi.netflix.net/packages/18501340793/openimageio-3.0.4.0-cp311-cp311-manylinux_2_17_x86_64.manylinux2014_x86_64.whl", hash = "sha256:b20f95df84950425498f41632b904c322a04b390e4f1ac3659b2b56ff62ffc1c", size = 7383405 },
    { url = "https://pypi.netflix.net/packages/18501340794/openimageio-3.0.4.0-cp311-cp311-manylinux_2_27_x86_64.manylinux_2_28_x86_64.whl", hash = "sha256:e2cd8bd41fa76ec279586f11c38f7468c2aac6183200c903a085ce26b57ac080", size = 7203533 },
    { url = "https://pypi.netflix.net/packages/18501340795/openimageio-3.0.4.0-cp311-cp311-win_amd64.whl", hash = "sha256:a38f4b96b601959ffeb3de249b9ccf6702d5813ffedb4d00b8db0df7bee57fda", size = 7874161 },
]

[[package]]
name = "openvpcal"
version = "2.0.0"
source = { editable = "." }
dependencies = [
    { name = "open-vp-cal" },
    { name = "open-vp-cal-spg" },
    { name = "open-vp-cal-spg-icvfxpatterns" },
    { name = "open-vp-cal-stageassets" },
    { name = "pyinstaller" },
    { name = "pytest" },
    { name = "ruff" },
]

[package.metadata]
requires-dist = [
    { name = "open-vp-cal", directory = "packages/open_vp_cal" },
    { name = "open-vp-cal-spg", directory = "packages/spg" },
    { name = "open-vp-cal-spg-icvfxpatterns", directory = "packages/spg_icvfxpatterns" },
    { name = "open-vp-cal-stageassets", directory = "packages/stageassets" },
    { name = "pyinstaller", specifier = ">=6.12.0" },
    { name = "pytest" },
    { name = "ruff" },
]

[[package]]
name = "packaging"
version = "24.2"
source = { registry = "https://pypi.netflix.net/simple" }
sdist = { url = "https://pypi.netflix.net/packages/17332122355/packaging-24.2.tar.gz", hash = "sha256:c228a6dc5e932d346bc5739379109d49e8853dd8223571c7c5b55260edc0b97f", size = 163950 }
wheels = [
    { url = "https://pypi.netflix.net/packages/17332122354/packaging-24.2-py3-none-any.whl", hash = "sha256:09abb1bccd265c01f4a3aa3f7a7db064b36514d2cba19a2f694fe6150451a759", size = 65451 },
]

[[package]]
name = "pefile"
version = "2023.2.7"
source = { registry = "https://pypi.netflix.net/simple" }
sdist = { url = "https://pypi.netflix.net/packages/3644376202/pefile-2023.2.7.tar.gz", hash = "sha256:82e6114004b3d6911c77c3953e3838654b04511b8b66e8583db70c65998017dc", size = 74854 }
wheels = [
    { url = "https://pypi.netflix.net/packages/3644376201/pefile-2023.2.7-py3-none-any.whl", hash = "sha256:da185cd2af68c08a6cd4481f7325ed600a88f6a813bad9dea07ab3ef73d8d8d6", size = 71791 },
]

[[package]]
name = "pillow"
version = "11.1.0"
source = { registry = "https://pypi.netflix.net/simple" }
sdist = { url = "https://pypi.netflix.net/packages/18188346322/pillow-11.1.0.tar.gz", hash = "sha256:368da70808b36d73b4b390a8ffac11069f8a5c85f29eff1f1b01bcf3ef5b2a20", size = 46742715 }
wheels = [
    { url = "https://pypi.netflix.net/packages/18188300954/pillow-11.1.0-cp311-cp311-macosx_10_10_x86_64.whl", hash = "sha256:e06695e0326d05b06833b40b7ef477e475d0b1ba3a6d27da1bb48c23209bf457", size = 3229968 },
    { url = "https://pypi.netflix.net/packages/18188300955/pillow-11.1.0-cp311-cp311-macosx_11_0_arm64.whl", hash = "sha256:96f82000e12f23e4f29346e42702b6ed9a2f2fea34a740dd5ffffcc8c539eb35", size = 3101806 },
    { url = "https://pypi.netflix.net/packages/18188300956/pillow-11.1.0-cp311-cp311-manylinux_2_17_aarch64.manylinux2014_aarch64.whl", hash = "sha256:a3cd561ded2cf2bbae44d4605837221b987c216cff94f49dfeed63488bb228d2", size = 4322283 },
    { url = "https://pypi.netflix.net/packages/18188300957/pillow-11.1.0-cp311-cp311-manylinux_2_17_x86_64.manylinux2014_x86_64.whl", hash = "sha256:f189805c8be5ca5add39e6f899e6ce2ed824e65fb45f3c28cb2841911da19070", size = 4402945 },
    { url = "https://pypi.netflix.net/packages/18188304101/pillow-11.1.0-cp311-cp311-manylinux_2_28_aarch64.whl", hash = "sha256:dd0052e9db3474df30433f83a71b9b23bd9e4ef1de13d92df21a52c0303b8ab6", size = 4361228 },
    { url = "https://pypi.netflix.net/packages/18188304102/pillow-11.1.0-cp311-cp311-manylinux_2_28_x86_64.whl", hash = "sha256:837060a8599b8f5d402e97197d4924f05a2e0d68756998345c829c33186217b1", size = 4484021 },
    { url = "https://pypi.netflix.net/packages/18188304103/pillow-11.1.0-cp311-cp311-musllinux_1_2_aarch64.whl", hash = "sha256:aa8dd43daa836b9a8128dbe7d923423e5ad86f50a7a14dc688194b7be5c0dea2", size = 4287449 },
    { url = "https://pypi.netflix.net/packages/18188304104/pillow-11.1.0-cp311-cp311-musllinux_1_2_x86_64.whl", hash = "sha256:0a2f91f8a8b367e7a57c6e91cd25af510168091fb89ec5146003e424e1558a96", size = 4419972 },
    { url = "https://pypi.netflix.net/packages/18188304105/pillow-11.1.0-cp311-cp311-win32.whl", hash = "sha256:c12fc111ef090845de2bb15009372175d76ac99969bdf31e2ce9b42e4b8cd88f", size = 2291201 },
    { url = "https://pypi.netflix.net/packages/18188307254/pillow-11.1.0-cp311-cp311-win_amd64.whl", hash = "sha256:fbd43429d0d7ed6533b25fc993861b8fd512c42d04514a0dd6337fb3ccf22761", size = 2625686 },
    { url = "https://pypi.netflix.net/packages/18188307255/pillow-11.1.0-cp311-cp311-win_arm64.whl", hash = "sha256:f7955ecf5609dee9442cbface754f2c6e541d9e6eda87fad7f7a989b0bdb9d71", size = 2375194 },
]

[[package]]
name = "pluggy"
version = "1.5.0"
source = { registry = "https://pypi.netflix.net/simple" }
sdist = { url = "https://pypi.netflix.net/packages/13923835031/pluggy-1.5.0.tar.gz", hash = "sha256:2cffa88e94fdc978c4c574f15f9e59b7f4201d439195c3715ca9e2486f1d0cf1", size = 67955 }
wheels = [
    { url = "https://pypi.netflix.net/packages/13923835030/pluggy-1.5.0-py3-none-any.whl", hash = "sha256:44e1ad92c8ca002de6377e165f3e0f1be63266ab4d554740532335b9d75ea669", size = 20556 },
]

[[package]]
name = "pyinstaller"
version = "6.12.0"
source = { registry = "https://pypi.netflix.net/simple" }
dependencies = [
    { name = "altgraph" },
    { name = "macholib", marker = "sys_platform == 'darwin'" },
    { name = "packaging" },
    { name = "pefile", marker = "sys_platform == 'win32'" },
    { name = "pyinstaller-hooks-contrib" },
    { name = "pywin32-ctypes", marker = "sys_platform == 'win32'" },
    { name = "setuptools" },
]
sdist = { url = "https://pypi.netflix.net/packages/18450991382/pyinstaller-6.12.0.tar.gz", hash = "sha256:1834797be48ce1b26015af68bdeb3c61a6c7500136f04e0fc65e468115dec777", size = 4267132 }
wheels = [
    { url = "https://pypi.netflix.net/packages/18450989389/pyinstaller-6.12.0-py3-none-macosx_10_13_universal2.whl", hash = "sha256:68f1e4cecf88a6272063977fa2a2c69ad37cf568e5901769d7206d0314c74f47", size = 997954 },
    { url = "https://pypi.netflix.net/packages/18450989390/pyinstaller-6.12.0-py3-none-manylinux2014_aarch64.whl", hash = "sha256:fea76fc9b55ffa730fcf90beb897cce4399938460b0b6f40507fbebfc752c753", size = 714097 },
    { url = "https://pypi.netflix.net/packages/18450989391/pyinstaller-6.12.0-py3-none-manylinux2014_i686.whl", hash = "sha256:dac8a27988dbc33cdc34f2046803258bc3f6829de24de52745a5daa22bdba0f1", size = 724471 },
    { url = "https://pypi.netflix.net/packages/18450989392/pyinstaller-6.12.0-py3-none-manylinux2014_ppc64le.whl", hash = "sha256:83c7f3bde9871b4a6aa71c66a96e8ba5c21668ce711ed97f510b9382d10aac6c", size = 722753 },
    { url = "https://pypi.netflix.net/packages/18450989885/pyinstaller-6.12.0-py3-none-manylinux2014_s390x.whl", hash = "sha256:a69818815c6e0711c727edc30680cb1f81c691b59de35db81a2d9e0ae26a9ef1", size = 720906 },
    { url = "https://pypi.netflix.net/packages/18450989886/pyinstaller-6.12.0-py3-none-manylinux2014_x86_64.whl", hash = "sha256:a2abf5fde31a8b38b6df7939bcef8ac1d0c51e97e25317ce3555cd675259750f", size = 716959 },
    { url = "https://pypi.netflix.net/packages/18450990381/pyinstaller-6.12.0-py3-none-musllinux_1_1_aarch64.whl", hash = "sha256:8e92e9873a616547bbabbb5a3a9843d5f2ab40c3d8b26810acdf0fe257bee4cf", size = 719414 },
    { url = "https://pypi.netflix.net/packages/18450990382/pyinstaller-6.12.0-py3-none-musllinux_1_1_x86_64.whl", hash = "sha256:aefe502d55c9cf6aeaed7feba80b5f8491ce43f8f2b5fe2d9aadca3ee5a05bc4", size = 715903 },
    { url = "https://pypi.netflix.net/packages/18450990383/pyinstaller-6.12.0-py3-none-win32.whl", hash = "sha256:138856a5a503bb69c066377e0a22671b0db063e9cc14d5cf5c798a53561200d3", size = 1290980 },
    { url = "https://pypi.netflix.net/packages/18450990881/pyinstaller-6.12.0-py3-none-win_amd64.whl", hash = "sha256:0e62d3906309248409f215b386f33afec845214e69cc0f296b93222b26a88f43", size = 1348786 },
    { url = "https://pypi.netflix.net/packages/18450990882/pyinstaller-6.12.0-py3-none-win_arm64.whl", hash = "sha256:0c271896a3a168f4f91827145702543db9c5427f4c7372a6df8c75925a3ac18a", size = 1289617 },
]

[[package]]
name = "pyinstaller-hooks-contrib"
version = "2025.1"
source = { registry = "https://pypi.netflix.net/simple" }
dependencies = [
    { name = "packaging" },
    { name = "setuptools" },
]
sdist = { url = "https://pypi.netflix.net/packages/18433973643/pyinstaller_hooks_contrib-2025.1.tar.gz", hash = "sha256:130818f9e9a0a7f2261f1fd66054966a3a50c99d000981c5d1db11d3ad0c6ab2", size = 147043 }
wheels = [
    { url = "https://pypi.netflix.net/packages/18433973642/pyinstaller_hooks_contrib-2025.1-py3-none-any.whl", hash = "sha256:d3c799470cbc0bda60dcc8e6b4ab976777532b77621337f2037f558905e3a8e9", size = 346409 },
]

[[package]]
name = "pyparsing"
version = "3.2.1"
source = { registry = "https://pypi.netflix.net/simple" }
sdist = { url = "https://pypi.netflix.net/packages/18160009663/pyparsing-3.2.1.tar.gz", hash = "sha256:61980854fd66de3a90028d679a954d5f2623e83144b5afe5ee86f43d762e5f0a", size = 1067694 }
wheels = [
    { url = "https://pypi.netflix.net/packages/18160009662/pyparsing-3.2.1-py3-none-any.whl", hash = "sha256:506ff4f4386c4cec0590ec19e6302d3aedb992fdc02c761e90416f158dacf8e1", size = 107716 },
]

[[package]]
name = "pyqtgraph"
version = "0.13.7"
source = { registry = "https://pypi.netflix.net/simple" }
dependencies = [
    { name = "numpy" },
]
sdist = { url = "https://pypi.netflix.net/packages/14073875930/pyqtgraph-0.13.7.tar.gz", hash = "sha256:64f84f1935c6996d0e09b1ee66fe478a7771e3ca6f3aaa05f00f6e068321d9e3", size = 2343380 }
wheels = [
    { url = "https://pypi.netflix.net/packages/14073875929/pyqtgraph-0.13.7-py3-none-any.whl", hash = "sha256:7754edbefb6c367fa0dfb176e2d0610da3ada20aa7a5318516c74af5fb72bf7a", size = 1925473 },
]

[[package]]
name = "pyside6"
version = "6.8.2.1"
source = { registry = "https://pypi.netflix.net/simple" }
dependencies = [
    { name = "pyside6-addons" },
    { name = "pyside6-essentials" },
    { name = "shiboken6" },
]
wheels = [
    { url = "https://pypi.netflix.net/packages/18445778770/PySide6-6.8.2.1-cp39-abi3-macosx_12_0_universal2.whl", hash = "sha256:3fcb551729f235475b2abe7d919027de54a65d850e744f60716f890202273720", size = 550254 },
    { url = "https://pypi.netflix.net/packages/18445778771/PySide6-6.8.2.1-cp39-abi3-manylinux_2_28_x86_64.whl", hash = "sha256:23d2a1a77b25459a049c4276b4e0bbfb375b73d3921061b1a16bcfa64e1fe517", size = 550489 },
    { url = "https://pypi.netflix.net/packages/18445778772/PySide6-6.8.2.1-cp39-abi3-manylinux_2_39_aarch64.whl", hash = "sha256:bfefa80a93db06dc64c0e7beef0377c9b8ca51e007cfc34575defe065af893b6", size = 550491 },
    { url = "https://pypi.netflix.net/packages/18445778773/PySide6-6.8.2.1-cp39-abi3-win_amd64.whl", hash = "sha256:92361e41727910e3560ea5ba494fabecc76cd20892c9fcb2ced07619081c4e65", size = 556167 },
]

[[package]]
name = "pyside6-addons"
version = "6.8.2.1"
source = { registry = "https://pypi.netflix.net/simple" }
dependencies = [
    { name = "pyside6-essentials" },
    { name = "shiboken6" },
]
wheels = [
    { url = "https://pypi.netflix.net/packages/18445763992/PySide6_Addons-6.8.2.1-cp39-abi3-macosx_12_0_universal2.whl", hash = "sha256:5558816018042fecd0d782111ced529585a23ea9a010b518f8495764f578a01f", size = 302704501 },
    { url = "https://pypi.netflix.net/packages/18445764116/PySide6_Addons-6.8.2.1-cp39-abi3-manylinux_2_28_x86_64.whl", hash = "sha256:f3d85e676851ada8238bc76ebfacbee738fc0b35b3bc15c9765dd107b8ee6ec4", size = 160641392 },
    { url = "https://pypi.netflix.net/packages/18445764241/PySide6_Addons-6.8.2.1-cp39-abi3-manylinux_2_39_aarch64.whl", hash = "sha256:d904179f16deeca4ba440b4ef78e8d54df2b994b46784ad9d53b741082f3b2a7", size = 156398179 },
    { url = "https://pypi.netflix.net/packages/18445768349/PySide6_Addons-6.8.2.1-cp39-abi3-win_amd64.whl", hash = "sha256:c761cc45022aa79d8419e671e7fb34a4a3e5b3826f1e68fcb819bd6e3a387fbb", size = 127973648 },
]

[[package]]
name = "pyside6-essentials"
version = "6.8.2.1"
source = { registry = "https://pypi.netflix.net/simple" }
dependencies = [
    { name = "shiboken6" },
]
wheels = [
    { url = "https://pypi.netflix.net/packages/18445768466/PySide6_Essentials-6.8.2.1-cp39-abi3-macosx_12_0_universal2.whl", hash = "sha256:ae5cc48f7e9a08e73e3ec2387ce245c8150e620b8d5a87548ebd4b8e3aeae49b", size = 134909713 },
    { url = "https://pypi.netflix.net/packages/18445768467/PySide6_Essentials-6.8.2.1-cp39-abi3-manylinux_2_28_x86_64.whl", hash = "sha256:5ab31e5395a4724102edd6e8ff980fa3f7cde2aa79050763a1dcc30bb914195a", size = 95331575 },
    { url = "https://pypi.netflix.net/packages/18445768586/PySide6_Essentials-6.8.2.1-cp39-abi3-manylinux_2_39_aarch64.whl", hash = "sha256:7aed46f91d44399b4c713cf7387f5fb6f0114413fbcdbde493a528fb8e19f6ed", size = 93200219 },
    { url = "https://pypi.netflix.net/packages/18445768706/PySide6_Essentials-6.8.2.1-cp39-abi3-win_amd64.whl", hash = "sha256:18de224f09108998d194e60f2fb8a1e86367dd525dd8a6192598e80e6ada649e", size = 72502927 },
]

[[package]]
name = "pytest"
version = "8.3.5"
source = { registry = "https://pypi.netflix.net/simple" }
dependencies = [
    { name = "colorama", marker = "sys_platform == 'win32'" },
    { name = "iniconfig" },
    { name = "packaging" },
    { name = "pluggy" },
]
sdist = { url = "https://pypi.netflix.net/packages/18500462202/pytest-8.3.5.tar.gz", hash = "sha256:f4efe70cc14e511565ac476b57c279e12a855b11f48f212af1080ef2263d3845", size = 1450891 }
wheels = [
    { url = "https://pypi.netflix.net/packages/18500462201/pytest-8.3.5-py3-none-any.whl", hash = "sha256:c69214aa47deac29fad6c2a4f590b9c4a9fdb16a403176fe154b79c0b4d4d820", size = 343634 },
]

[[package]]
name = "python-dateutil"
version = "2.9.0.post0"
source = { registry = "https://pypi.netflix.net/simple" }
dependencies = [
    { name = "six" },
]
sdist = { url = "https://pypi.netflix.net/packages/10065929740/python-dateutil-2.9.0.post0.tar.gz", hash = "sha256:37dd54208da7e1cd875388217d5e00ebd4179249f90fb72437e91a35459a0ad3", size = 342432 }
wheels = [
    { url = "https://pypi.netflix.net/packages/10065929741/python_dateutil-2.9.0.post0-py2.py3-none-any.whl", hash = "sha256:a8b2bc7bffae282281c8140a97d3aa9c14da0b136dfe83f850eea9a5f7470427", size = 229892 },
]

[[package]]
name = "pywin32-ctypes"
version = "0.2.3"
source = { registry = "https://pypi.netflix.net/simple" }
sdist = { url = "https://pypi.netflix.net/packages/16184154139/pywin32-ctypes-0.2.3.tar.gz", hash = "sha256:d162dc04946d704503b2edc4d55f3dba5c1d539ead017afa00142c38b9885755", size = 29471 }
wheels = [
    { url = "https://pypi.netflix.net/packages/16184154140/pywin32_ctypes-0.2.3-py3-none-any.whl", hash = "sha256:8a1513379d709975552d202d942d9837758905c8d01eb82b8bcc30918929e7b8", size = 30756 },
]

[[package]]
name = "ruff"
version = "0.9.10"
source = { registry = "https://pypi.netflix.net/simple" }
sdist = { url = "https://pypi.netflix.net/packages/18512921316/ruff-0.9.10.tar.gz", hash = "sha256:9bacb735d7bada9cfb0f2c227d3658fc443d90a727b47f206fb33f52f3c0eac7", size = 3759776 }
wheels = [
    { url = "https://pypi.netflix.net/packages/18512904247/ruff-0.9.10-py3-none-linux_armv6l.whl", hash = "sha256:eb4d25532cfd9fe461acc83498361ec2e2252795b4f40b17e80692814329e42d", size = 10049494 },
    { url = "https://pypi.netflix.net/packages/18512904248/ruff-0.9.10-py3-none-macosx_10_12_x86_64.whl", hash = "sha256:188a6638dab1aa9bb6228a7302387b2c9954e455fb25d6b4470cb0641d16759d", size = 10853584 },
    { url = "https://pypi.netflix.net/packages/18512904249/ruff-0.9.10-py3-none-macosx_11_0_arm64.whl", hash = "sha256:5284dcac6b9dbc2fcb71fdfc26a217b2ca4ede6ccd57476f52a587451ebe450d", size = 10155692 },
    { url = "https://pypi.netflix.net/packages/18512904250/ruff-0.9.10-py3-none-manylinux_2_17_aarch64.manylinux2014_aarch64.whl", hash = "sha256:47678f39fa2a3da62724851107f438c8229a3470f533894b5568a39b40029c0c", size = 10369760 },
    { url = "https://pypi.netflix.net/packages/18512904251/ruff-0.9.10-py3-none-manylinux_2_17_armv7l.manylinux2014_armv7l.whl", hash = "sha256:99713a6e2766b7a17147b309e8c915b32b07a25c9efd12ada79f217c9c778b3e", size = 9912196 },
    { url = "https://pypi.netflix.net/packages/18512904252/ruff-0.9.10-py3-none-manylinux_2_17_i686.manylinux2014_i686.whl", hash = "sha256:524ee184d92f7c7304aa568e2db20f50c32d1d0caa235d8ddf10497566ea1a12", size = 11434985 },
    { url = "https://pypi.netflix.net/packages/18512904253/ruff-0.9.10-py3-none-manylinux_2_17_ppc64.manylinux2014_ppc64.whl", hash = "sha256:df92aeac30af821f9acf819fc01b4afc3dfb829d2782884f8739fb52a8119a16", size = 12155842 },
    { url = "https://pypi.netflix.net/packages/18512909933/ruff-0.9.10-py3-none-manylinux_2_17_ppc64le.manylinux2014_ppc64le.whl", hash = "sha256:de42e4edc296f520bb84954eb992a07a0ec5a02fecb834498415908469854a52", size = 11613804 },
    { url = "https://pypi.netflix.net/packages/18512909934/ruff-0.9.10-py3-none-manylinux_2_17_s390x.manylinux2014_s390x.whl", hash = "sha256:d257f95b65806104b6b1ffca0ea53f4ef98454036df65b1eda3693534813ecd1", size = 13823776 },
    { url = "https://pypi.netflix.net/packages/18512909935/ruff-0.9.10-py3-none-manylinux_2_17_x86_64.manylinux2014_x86_64.whl", hash = "sha256:b60dec7201c0b10d6d11be00e8f2dbb6f40ef1828ee75ed739923799513db24c", size = 11302673 },
    { url = "https://pypi.netflix.net/packages/18512909936/ruff-0.9.10-py3-none-musllinux_1_2_aarch64.whl", hash = "sha256:d838b60007da7a39c046fcdd317293d10b845001f38bcb55ba766c3875b01e43", size = 10235358 },
    { url = "https://pypi.netflix.net/packages/18512909937/ruff-0.9.10-py3-none-musllinux_1_2_armv7l.whl", hash = "sha256:ccaf903108b899beb8e09a63ffae5869057ab649c1e9231c05ae354ebc62066c", size = 9886177 },
    { url = "https://pypi.netflix.net/packages/18512915622/ruff-0.9.10-py3-none-musllinux_1_2_i686.whl", hash = "sha256:f9567d135265d46e59d62dc60c0bfad10e9a6822e231f5b24032dba5a55be6b5", size = 10864747 },
    { url = "https://pypi.netflix.net/packages/18512915623/ruff-0.9.10-py3-none-musllinux_1_2_x86_64.whl", hash = "sha256:5f202f0d93738c28a89f8ed9eaba01b7be339e5d8d642c994347eaa81c6d75b8", size = 11360441 },
    { url = "https://pypi.netflix.net/packages/18512915624/ruff-0.9.10-py3-none-win32.whl", hash = "sha256:bfb834e87c916521ce46b1788fbb8484966e5113c02df216680102e9eb960029", size = 10247401 },
    { url = "https://pypi.netflix.net/packages/18512915625/ruff-0.9.10-py3-none-win_amd64.whl", hash = "sha256:f2160eeef3031bf4b17df74e307d4c5fb689a6f3a26a2de3f7ef4044e3c484f1", size = 11366360 },
    { url = "https://pypi.netflix.net/packages/18512915626/ruff-0.9.10-py3-none-win_arm64.whl", hash = "sha256:5fd804c0327a5e5ea26615550e706942f348b197d5475ff34c19733aee4b2e69", size = 10436892 },
]

[[package]]
name = "scipy"
version = "1.15.2"
source = { registry = "https://pypi.netflix.net/simple" }
dependencies = [
    { name = "numpy" },
]
sdist = { url = "https://pypi.netflix.net/packages/18468531421/scipy-1.15.2.tar.gz", hash = "sha256:cd58a314d92838f7e6f755c8a2167ead4f27e1fd5c1251fd54289569ef3495ec", size = 59417316 }
wheels = [
    { url = "https://pypi.netflix.net/packages/18468486212/scipy-1.15.2-cp311-cp311-macosx_10_13_x86_64.whl", hash = "sha256:92233b2df6938147be6fa8824b8136f29a18f016ecde986666be5f4d686a91a4", size = 38703651 },
    { url = "https://pypi.netflix.net/packages/18468487957/scipy-1.15.2-cp311-cp311-macosx_12_0_arm64.whl", hash = "sha256:62ca1ff3eb513e09ed17a5736929429189adf16d2d740f44e53270cc800ecff1", size = 30102038 },
    { url = "https://pypi.netflix.net/packages/18468487958/scipy-1.15.2-cp311-cp311-macosx_14_0_arm64.whl", hash = "sha256:4c6676490ad76d1c2894d77f976144b41bd1a4052107902238047fb6a473e971", size = 22375518 },
    { url = "https://pypi.netflix.net/packages/18468489705/scipy-1.15.2-cp311-cp311-macosx_14_0_x86_64.whl", hash = "sha256:a8bf5cb4a25046ac61d38f8d3c3426ec11ebc350246a4642f2f315fe95bda655", size = 25142523 },
    { url = "https://pypi.netflix.net/packages/18468491453/scipy-1.15.2-cp311-cp311-manylinux_2_17_aarch64.manylinux2014_aarch64.whl", hash = "sha256:6a8e34cf4c188b6dd004654f88586d78f95639e48a25dfae9c5e34a6dc34547e", size = 35491547 },
    { url = "https://pypi.netflix.net/packages/18468491454/scipy-1.15.2-cp311-cp311-manylinux_2_17_x86_64.manylinux2014_x86_64.whl", hash = "sha256:28a0d2c2075946346e4408b211240764759e0fabaeb08d871639b5f3b1aca8a0", size = 37634077 },
    { url = "https://pypi.netflix.net/packages/18468493204/scipy-1.15.2-cp311-cp311-musllinux_1_2_aarch64.whl", hash = "sha256:42dabaaa798e987c425ed76062794e93a243be8f0f20fff6e7a89f4d61cb3d40", size = 37231657 },
    { url = "https://pypi.netflix.net/packages/18468494955/scipy-1.15.2-cp311-cp311-musllinux_1_2_x86_64.whl", hash = "sha256:6f5e296ec63c5da6ba6fa0343ea73fd51b8b3e1a300b0a8cae3ed4b1122c7462", size = 40035857 },
    { url = "https://pypi.netflix.net/packages/18468494956/scipy-1.15.2-cp311-cp311-win_amd64.whl", hash = "sha256:597a0c7008b21c035831c39927406c6181bcf8f60a73f36219b69d010aa04737", size = 41217654 },
]

[[package]]
name = "setuptools"
version = "76.0.0"
source = { registry = "https://pypi.netflix.net/simple" }
sdist = { url = "https://pypi.netflix.net/packages/18516991786/setuptools-76.0.0.tar.gz", hash = "sha256:43b4ee60e10b0d0ee98ad11918e114c70701bc6051662a9a675a0496c1a158f4", size = 1349387 }
wheels = [
    { url = "https://pypi.netflix.net/packages/18516991785/setuptools-76.0.0-py3-none-any.whl", hash = "sha256:199466a166ff664970d0ee145839f5582cb9bca7a0a3a2e795b6a9cb2308e9c6", size = 1236106 },
]

[[package]]
name = "shiboken6"
version = "6.8.2.1"
source = { registry = "https://pypi.netflix.net/simple" }
wheels = [
    { url = "https://pypi.netflix.net/packages/18445778594/shiboken6-6.8.2.1-cp39-abi3-macosx_12_0_universal2.whl", hash = "sha256:d3dedeb3732ecfc920c9f97da769c0022a1c3bda99346a9eba56fbf093deaa75", size = 401266 },
    { url = "https://pypi.netflix.net/packages/18445778595/shiboken6-6.8.2.1-cp39-abi3-manylinux_2_28_x86_64.whl", hash = "sha256:c83e90056f13d0872cc4d2b7bf60b6d6e3b1b172f1f91910c0ba5b641af01758", size = 204273 },
    { url = "https://pypi.netflix.net/packages/18445778596/shiboken6-6.8.2.1-cp39-abi3-manylinux_2_39_aarch64.whl", hash = "sha256:8592401423acc693f51dbbfae5e7493cc3ed6738be79daaf90afa07f4da5bb25", size = 200909 },
    { url = "https://pypi.netflix.net/packages/18445778597/shiboken6-6.8.2.1-cp39-abi3-win_amd64.whl", hash = "sha256:1b751d47b759762b7ca31bad278d52eca4105d3028880d93979261ebbfba810c", size = 1150270 },
]

[[package]]
name = "six"
version = "1.17.0"
source = { registry = "https://pypi.netflix.net/simple" }
sdist = { url = "https://pypi.netflix.net/packages/17694775990/six-1.17.0.tar.gz", hash = "sha256:ff70335d468e7eb6ec65b95b99d3a2836546063f63acc5171de367e834932a81", size = 34031 }
wheels = [
    { url = "https://pypi.netflix.net/packages/17694775989/six-1.17.0-py2.py3-none-any.whl", hash = "sha256:4721f391ed90541fddacab5acf947aa0d3dc7d27b2e1e8eda2be8970586c3274", size = 11050 },
]

[[package]]
name = "typing-extensions"
version = "4.12.2"
source = { registry = "https://pypi.netflix.net/simple" }
sdist = { url = "https://pypi.netflix.net/packages/14896943655/typing_extensions-4.12.2.tar.gz", hash = "sha256:1a7ead55c7e559dd4dee8856e3a88b41225abfe1ce8df57b7c13915fe121ffb8", size = 85321 }
wheels = [
    { url = "https://pypi.netflix.net/packages/14896943654/typing_extensions-4.12.2-py3-none-any.whl", hash = "sha256:04e5ca0351e0f3f85c6853954072df659d0d13fac324d0072316b67d7794700d", size = 37438 },
]
